
Microsoft Visual Studio Solution File, Format Version 12.00
# Visual Studio 15
VisualStudioVersion = 15.0.28307.779
MinimumVisualStudioVersion = 10.0.40219.1
Project("{FAE04EC0-301F-11D3-BF4B-00C04F79EFBC}") = "BookManager", "BookManager\BookManager.csproj", "{7FA89B41-7942-4233-BB5A-0A672C51B2D6}"
EndProject
Project("{FAE04EC0-301F-11D3-BF4B-00C04F79EFBC}") = "BookApi", "BookApi\BookApi.csproj", "{3F77FA53-E4B4-4F7F-9B02-63F4FEDF9FCA}"
EndProject
Global
	GlobalSection(SolutionConfigurationPlatforms) = preSolution
		Debug|Any CPU = Debug|Any CPU
		Release|Any CPU = Release|Any CPU
	EndGlobalSection
	GlobalSection(ProjectConfigurationPlatforms) = postSolution
		{7FA89B41-7942-4233-BB5A-0A672C51B2D6}.Debug|Any CPU.ActiveCfg = Debug|Any CPU
		{7FA89B41-7942-4233-BB5A-0A672C51B2D6}.Debug|Any CPU.Build.0 = Debug|Any CPU
		{7FA89B41-7942-4233-BB5A-0A672C51B2D6}.Release|Any CPU.ActiveCfg = Release|Any CPU
		{7FA89B41-7942-4233-BB5A-0A672C51B2D6}.Release|Any CPU.Build.0 = Release|Any CPU
		{3F77FA53-E4B4-4F7F-9B02-63F4FEDF9FCA}.Debug|Any CPU.ActiveCfg = Debug|Any CPU
		{3F77FA53-E4B4-4F7F-9B02-63F4FEDF9FCA}.Debug|Any CPU.Build.0 = Debug|Any CPU
		{3F77FA53-E4B4-4F7F-9B02-63F4FEDF9FCA}.Release|Any CPU.ActiveCfg = Release|Any CPU
		{3F77FA53-E4B4-4F7F-9B02-63F4FEDF9FCA}.Release|Any CPU.Build.0 = Release|Any CPU
	EndGlobalSection
	GlobalSection(SolutionProperties) = preSolution
		HideSolutionNode = FALSE
	EndGlobalSection
	GlobalSection(ExtensibilityGlobals) = postSolution
		SolutionGuid = {6168B15B-6AC7-469A-AF4F-364B201001DE}
	EndGlobalSection
EndGlobal
